{
  "version": "4",
  "specifiers": {
    "jsr:@oak/commons@1": "1.0.0",
    "jsr:@std/assert@1": "1.0.7",
    "jsr:@std/bytes@1": "1.0.3",
    "jsr:@std/bytes@^1.0.2": "1.0.3",
    "jsr:@std/crypto@1": "1.0.3",
    "jsr:@std/encoding@1": "1.0.5",
    "jsr:@std/encoding@^1.0.5": "1.0.5",
    "jsr:@std/http@1": "1.0.9",
    "jsr:@std/io@0.224": "0.224.9",
    "jsr:@std/media-types@1": "1.0.3",
    "jsr:@std/path@1": "1.0.8",
    "npm:@aptos-labs/ts-sdk@*": "1.34.0",
    "npm:@types/node@*": "22.5.4",
    "npm:path-to-regexp@6.2.1": "6.2.1"
  },
  "jsr": {
    "@oak/commons@1.0.0": {
      "integrity": "49805b55603c3627a9d6235c0655aa2b6222d3036b3a13ff0380c16368f607ac",
      "dependencies": [
        "jsr:@std/assert",
        "jsr:@std/bytes@1",
        "jsr:@std/crypto",
        "jsr:@std/encoding@1",
        "jsr:@std/http",
        "jsr:@std/media-types"
      ]
    },
    "@std/assert@1.0.7": {
      "integrity": "64ce9fac879e0b9f3042a89b3c3f8ccfc9c984391af19e2087513a79d73e28c3"
    },
    "@std/bytes@1.0.3": {
      "integrity": "e5d5b9e685966314e4edb4be60dfc4bd7624a075bfd4ec8109252b4320f76452"
    },
    "@std/crypto@1.0.3": {
      "integrity": "a2a32f51ddef632d299e3879cd027c630dcd4d1d9a5285d6e6788072f4e51e7f"
    },
    "@std/encoding@1.0.5": {
      "integrity": "ecf363d4fc25bd85bd915ff6733a7e79b67e0e7806334af15f4645c569fefc04"
    },
    "@std/http@1.0.9": {
      "integrity": "d409fc319a5e8d4a154e576c758752e9700282d74f31357a12fec6420f9ecb6c",
      "dependencies": [
        "jsr:@std/encoding@^1.0.5"
      ]
    },
    "@std/io@0.224.9": {
      "integrity": "4414664b6926f665102e73c969cfda06d2c4c59bd5d0c603fd4f1b1c840d6ee3",
      "dependencies": [
        "jsr:@std/bytes@^1.0.2"
      ]
    },
    "@std/media-types@1.0.3": {
      "integrity": "b12d30a7852f7578f4d210622df713bbfd1cbdd9b4ec2eaf5c1845ab70bab159"
    },
    "@std/path@1.0.8": {
      "integrity": "548fa456bb6a04d3c1a1e7477986b6cffbce95102d0bb447c67c4ee70e0364be"
    }
  },
  "npm": {
    "@aptos-labs/aptos-cli@1.0.2": {
      "integrity": "sha512-PYPsd0Kk3ynkxNfe3S4fanI3DiUICCoh4ibQderbvjPFL5A0oK6F4lPEO2t0MDsQySTk2t4vh99Xjy6Bd9y+aQ==",
      "dependencies": [
        "commander"
      ]
    },
    "@aptos-labs/aptos-client@0.1.1": {
      "integrity": "sha512-kJsoy4fAPTOhzVr7Vwq8s/AUg6BQiJDa7WOqRzev4zsuIS3+JCuIZ6vUd7UBsjnxtmguJJulMRs9qWCzVBt2XA==",
      "dependencies": [
        "axios",
        "got"
      ]
    },
    "@aptos-labs/aptos-dynamic-transaction-composer@0.1.3": {
      "integrity": "sha512-bJl+Zq5QbhpcPIJakAkl9tnT3T02mxCYhZThQDhUmjsOZ5wMRlKJ0P7aaq1dmlybSHkVj7vRgOy2t86/NDKKng=="
    },
    "@aptos-labs/script-composer-pack@0.0.9": {
      "integrity": "sha512-Y3kA1rgF65HETgoTn2omDymsgO+fnZouPLrKJZ9sbxTGdOekIIHtGee3A2gk84eCqa02ZKBumZmP+IDCXRtU/g==",
      "dependencies": [
        "@aptos-labs/aptos-dynamic-transaction-composer"
      ]
    },
    "@aptos-labs/ts-sdk@1.34.0": {
      "integrity": "sha512-+mKsx41L+g7F5HhB5Z8/pouiHYN/ajpCrbKZxQsDLqi5gf37IpZ44F6qZMklQO0LCTBQwhBkq4y67p9AGXjO4g==",
      "dependencies": [
        "@aptos-labs/aptos-cli",
        "@aptos-labs/aptos-client",
        "@aptos-labs/script-composer-pack",
        "@noble/curves",
        "@noble/hashes",
        "@scure/bip32",
        "@scure/bip39",
        "eventemitter3",
        "form-data",
        "js-base64",
        "jwt-decode",
        "poseidon-lite"
      ]
    },
    "@noble/curves@1.8.1": {
      "integrity": "sha512-warwspo+UYUPep0Q+vtdVB4Ugn8GGQj8iyB3gnRWsztmUHTI3S1nhdiWNsPUGL0vud7JlRRk1XEu7Lq1KGTnMQ==",
      "dependencies": [
        "@noble/hashes"
      ]
    },
    "@noble/hashes@1.7.1": {
      "integrity": "sha512-B8XBPsn4vT/KJAGqDzbwztd+6Yte3P4V7iafm24bxgDe/mlRuK6xmWPuCNrKt2vDafZ8MfJLlchDG/vYafQEjQ=="
    },
    "@scure/base@1.2.4": {
      "integrity": "sha512-5Yy9czTO47mqz+/J8GM6GIId4umdCk1wc1q8rKERQulIoc8VP9pzDcghv10Tl2E7R96ZUx/PhND3ESYUQX8NuQ=="
    },
    "@scure/bip32@1.6.2": {
      "integrity": "sha512-t96EPDMbtGgtb7onKKqxRLfE5g05k7uHnHRM2xdE6BP/ZmxaLtPek4J4KfVn/90IQNrU1IOAqMgiDtUdtbe3nw==",
      "dependencies": [
        "@noble/curves",
        "@noble/hashes",
        "@scure/base"
      ]
    },
    "@scure/bip39@1.5.4": {
      "integrity": "sha512-TFM4ni0vKvCfBpohoh+/lY05i9gRbSwXWngAsF4CABQxoaOHijxuaZ2R6cStDQ5CHtHO9aGJTr4ksVJASRRyMA==",
      "dependencies": [
        "@noble/hashes",
        "@scure/base"
      ]
    },
    "@sindresorhus/is@4.6.0": {
      "integrity": "sha512-t09vSN3MdfsyCHoFcTRCH/iUtG7OJ0CsjzB8cjAmKc/va/kIgeDI/TxsigdncE/4be734m0cvIYwNaV4i2XqAw=="
    },
    "@szmarczak/http-timer@4.0.6": {
      "integrity": "sha512-4BAffykYOgO+5nzBWYwE3W90sBgLJoUPRWWcL8wlyiM8IB8ipJz3UMJ9KXQd1RKQXpKp8Tutn80HZtWsu2u76w==",
      "dependencies": [
        "defer-to-connect"
      ]
    },
    "@types/cacheable-request@6.0.3": {
      "integrity": "sha512-IQ3EbTzGxIigb1I3qPZc1rWJnH0BmSKv5QYTalEwweFvyBDLSAe24zP0le/hyi7ecGfZVlIVAg4BZqb8WBwKqw==",
      "dependencies": [
        "@types/http-cache-semantics",
        "@types/keyv",
        "@types/node",
        "@types/responselike"
      ]
    },
    "@types/http-cache-semantics@4.0.4": {
      "integrity": "sha512-1m0bIFVc7eJWyve9S0RnuRgcQqF/Xd5QsUZAZeQFr1Q3/p9JWoQQEqmVy+DPTNpGXwhgIetAoYF8JSc33q29QA=="
    },
    "@types/keyv@3.1.4": {
      "integrity": "sha512-BQ5aZNSCpj7D6K2ksrRCTmKRLEpnPvWDiLPfoGyhZ++8YtiK9d/3DBKPJgry359X/P1PfruyYwvnvwFjuEiEIg==",
      "dependencies": [
        "@types/node"
      ]
    },
    "@types/node@22.5.4": {
      "integrity": "sha512-FDuKUJQm/ju9fT/SeX/6+gBzoPzlVCzfzmGkwKvRHQVxi4BntVbyIwf6a4Xn62mrvndLiml6z/UBXIdEVjQLXg==",
      "dependencies": [
        "undici-types"
      ]
    },
    "@types/responselike@1.0.3": {
      "integrity": "sha512-H/+L+UkTV33uf49PH5pCAUBVPNj2nDBXTN+qS1dOwyyg24l3CcicicCA7ca+HMvJBZcFgl5r8e+RR6elsb4Lyw==",
      "dependencies": [
        "@types/node"
      ]
    },
    "asynckit@0.4.0": {
      "integrity": "sha512-Oei9OH4tRh0YqU3GxhX79dM/mwVgvbZJaSNaRk+bshkj0S5cfHcgYakreBjrHwatXKbz+IoIdYLxrKim2MjW0Q=="
    },
    "axios@1.7.4": {
      "integrity": "sha512-DukmaFRnY6AzAALSH4J2M3k6PkaC+MfaAGdEERRWcC9q3/TWQwLpHR8ZRLKTdQ3aBDL64EdluRDjJqKw+BPZEw==",
      "dependencies": [
        "follow-redirects",
        "form-data",
        "proxy-from-env"
      ]
    },
    "cacheable-lookup@5.0.4": {
      "integrity": "sha512-2/kNscPhpcxrOigMZzbiWF7dz8ilhb/nIHU3EyZiXWXpeq/au8qJ8VhdftMkty3n7Gj6HIGalQG8oiBNB3AJgA=="
    },
    "cacheable-request@7.0.4": {
      "integrity": "sha512-v+p6ongsrp0yTGbJXjgxPow2+DL93DASP4kXCDKb8/bwRtt9OEF3whggkkDkGNzgcWy2XaF4a8nZglC7uElscg==",
      "dependencies": [
        "clone-response",
        "get-stream",
        "http-cache-semantics",
        "keyv",
        "lowercase-keys",
        "normalize-url",
        "responselike"
      ]
    },
    "clone-response@1.0.3": {
      "integrity": "sha512-ROoL94jJH2dUVML2Y/5PEDNaSHgeOdSDicUyS7izcF63G6sTc/FTjLub4b8Il9S8S0beOfYt0TaA5qvFK+w0wA==",
      "dependencies": [
        "mimic-response@1.0.1"
      ]
    },
    "combined-stream@1.0.8": {
      "integrity": "sha512-FQN4MRfuJeHf7cBbBMJFXhKSDq+2kAArBlmRBvcvFE5BB1HZKXtSFASDhdlz9zOYwxh8lDdnvmMOe/+5cdoEdg==",
      "dependencies": [
        "delayed-stream"
      ]
    },
    "commander@12.1.0": {
      "integrity": "sha512-Vw8qHK3bZM9y/P10u3Vib8o/DdkvA2OtPtZvD871QKjy74Wj1WSKFILMPRPSdUSx5RFK1arlJzEtA4PkFgnbuA=="
    },
    "decompress-response@6.0.0": {
      "integrity": "sha512-aW35yZM6Bb/4oJlZncMH2LCoZtJXTRxES17vE3hoRiowU2kWHaJKFkSBDnDR+cm9J+9QhXmREyIfv0pji9ejCQ==",
      "dependencies": [
        "mimic-response@3.1.0"
      ]
    },
    "defer-to-connect@2.0.1": {
      "integrity": "sha512-4tvttepXG1VaYGrRibk5EwJd1t4udunSOVMdLSAL6mId1ix438oPwPZMALY41FCijukO1L0twNcGsdzS7dHgDg=="
    },
    "delayed-stream@1.0.0": {
      "integrity": "sha512-ZySD7Nf91aLB0RxL4KGrKHBXl7Eds1DAmEdcoVawXnLD7SDhpNgtuII2aAkg7a7QS41jxPSZ17p4VdGnMHk3MQ=="
    },
    "end-of-stream@1.4.4": {
      "integrity": "sha512-+uw1inIHVPQoaVuHzRyXd21icM+cnt4CzD5rW+NC1wjOUSTOs+Te7FOv7AhN7vS9x/oIyhLP5PR1H+phQAHu5Q==",
      "dependencies": [
        "once"
      ]
    },
    "eventemitter3@5.0.1": {
      "integrity": "sha512-GWkBvjiSZK87ELrYOSESUYeVIc9mvLLf/nXalMOS5dYrgZq9o5OVkbZAVM06CVxYsCwH9BDZFPlQTlPA1j4ahA=="
    },
    "follow-redirects@1.15.9": {
      "integrity": "sha512-gew4GsXizNgdoRyqmyfMHyAmXsZDk6mHkSxZFCzW9gwlbtOW44CDtYavM+y+72qD/Vq2l550kMF52DT8fOLJqQ=="
    },
    "form-data@4.0.1": {
      "integrity": "sha512-tzN8e4TX8+kkxGPK8D5u0FNmjPUjw3lwC9lSLxxoB/+GtsJG91CO8bSWy73APlgAZzZbXEYZJuxjkHH2w+Ezhw==",
      "dependencies": [
        "asynckit",
        "combined-stream",
        "mime-types"
      ]
    },
    "get-stream@5.2.0": {
      "integrity": "sha512-nBF+F1rAZVCu/p7rjzgA+Yb4lfYXrpl7a6VmJrU8wF9I1CKvP/QwPNZHnOlwbTkY6dvtFIzFMSyQXbLoTQPRpA==",
      "dependencies": [
        "pump"
      ]
    },
    "got@11.8.6": {
      "integrity": "sha512-6tfZ91bOr7bOXnK7PRDCGBLa1H4U080YHNaAQ2KsMGlLEzRbk44nsZF2E1IeRc3vtJHPVbKCYgdFbaGO2ljd8g==",
      "dependencies": [
        "@sindresorhus/is",
        "@szmarczak/http-timer",
        "@types/cacheable-request",
        "@types/responselike",
        "cacheable-lookup",
        "cacheable-request",
        "decompress-response",
        "http2-wrapper",
        "lowercase-keys",
        "p-cancelable",
        "responselike"
      ]
    },
    "http-cache-semantics@4.1.1": {
      "integrity": "sha512-er295DKPVsV82j5kw1Gjt+ADA/XYHsajl82cGNQG2eyoPkvgUhX+nDIyelzhIWbbsXP39EHcI6l5tYs2FYqYXQ=="
    },
    "http2-wrapper@1.0.3": {
      "integrity": "sha512-V+23sDMr12Wnz7iTcDeJr3O6AIxlnvT/bmaAAAP/Xda35C90p9599p0F1eHR/N1KILWSoWVAiOMFjBBXaXSMxg==",
      "dependencies": [
        "quick-lru",
        "resolve-alpn"
      ]
    },
    "js-base64@3.7.7": {
      "integrity": "sha512-7rCnleh0z2CkXhH67J8K1Ytz0b2Y+yxTPL+/KOJoa20hfnVQ/3/T6W/KflYI4bRHRagNeXeU2bkNGI3v1oS/lw=="
    },
    "json-buffer@3.0.1": {
      "integrity": "sha512-4bV5BfR2mqfQTJm+V5tPPdf+ZpuhiIvTuAB5g8kcrXOZpTT/QwwVRWBywX1ozr6lEuPdbHxwaJlm9G6mI2sfSQ=="
    },
    "jwt-decode@4.0.0": {
      "integrity": "sha512-+KJGIyHgkGuIq3IEBNftfhW/LfWhXUIY6OmyVWjliu5KH1y0fw7VQ8YndE2O4qZdMSd9SqbnC8GOcZEy0Om7sA=="
    },
    "keyv@4.5.4": {
      "integrity": "sha512-oxVHkHR/EJf2CNXnWxRLW6mg7JyCCUcG0DtEGmL2ctUo1PNTin1PUil+r/+4r5MpVgC/fn1kjsx7mjSujKqIpw==",
      "dependencies": [
        "json-buffer"
      ]
    },
    "lowercase-keys@2.0.0": {
      "integrity": "sha512-tqNXrS78oMOE73NMxK4EMLQsQowWf8jKooH9g7xPavRT706R6bkQJ6DY2Te7QukaZsulxa30wQ7bk0pm4XiHmA=="
    },
    "mime-db@1.52.0": {
      "integrity": "sha512-sPU4uV7dYlvtWJxwwxHD0PuihVNiE7TyAbQ5SWxDCB9mUYvOgroQOwYQQOKPJ8CIbE+1ETVlOoK1UC2nU3gYvg=="
    },
    "mime-types@2.1.35": {
      "integrity": "sha512-ZDY+bPm5zTTF+YpCrAU9nK0UgICYPT0QtT1NZWFv4s++TNkcgVaT0g6+4R2uI4MjQjzysHB1zxuWL50hzaeXiw==",
      "dependencies": [
        "mime-db"
      ]
    },
    "mimic-response@1.0.1": {
      "integrity": "sha512-j5EctnkH7amfV/q5Hgmoal1g2QHFJRraOtmx0JpIqkxhBhI/lJSl1nMpQ45hVarwNETOoWEimndZ4QK0RHxuxQ=="
    },
    "mimic-response@3.1.0": {
      "integrity": "sha512-z0yWI+4FDrrweS8Zmt4Ej5HdJmky15+L2e6Wgn3+iK5fWzb6T3fhNFq2+MeTRb064c6Wr4N/wv0DzQTjNzHNGQ=="
    },
    "normalize-url@6.1.0": {
      "integrity": "sha512-DlL+XwOy3NxAQ8xuC0okPgK46iuVNAK01YN7RueYBqqFeGsBjV9XmCAzAdgt+667bCl5kPh9EqKKDwnaPG1I7A=="
    },
    "once@1.4.0": {
      "integrity": "sha512-lNaJgI+2Q5URQBkccEKHTQOPaXdUxnZZElQTZY0MFUAuaEqe1E+Nyvgdz/aIyNi6Z9MzO5dv1H8n58/GELp3+w==",
      "dependencies": [
        "wrappy"
      ]
    },
    "p-cancelable@2.1.1": {
      "integrity": "sha512-BZOr3nRQHOntUjTrH8+Lh54smKHoHyur8We1V8DSMVrl5A2malOOwuJRnKRDjSnkoeBh4at6BwEnb5I7Jl31wg=="
    },
    "path-to-regexp@6.2.1": {
      "integrity": "sha512-JLyh7xT1kizaEvcaXOQwOc2/Yhw6KZOvPf1S8401UyLk86CU79LN3vl7ztXGm/pZ+YjoyAJ4rxmHwbkBXJX+yw=="
    },
    "poseidon-lite@0.2.1": {
      "integrity": "sha512-xIr+G6HeYfOhCuswdqcFpSX47SPhm0EpisWJ6h7fHlWwaVIvH3dLnejpatrtw6Xc6HaLrpq05y7VRfvDmDGIog=="
    },
    "proxy-from-env@1.1.0": {
      "integrity": "sha512-D+zkORCbA9f1tdWRK0RaCR3GPv50cMxcrz4X8k5LTSUD1Dkw47mKJEZQNunItRTkWwgtaUSo1RVFRIG9ZXiFYg=="
    },
    "pump@3.0.2": {
      "integrity": "sha512-tUPXtzlGM8FE3P0ZL6DVs/3P58k9nk8/jZeQCurTJylQA8qFYzHFfhBJkuqyE0FifOsQ0uKWekiZ5g8wtr28cw==",
      "dependencies": [
        "end-of-stream",
        "once"
      ]
    },
    "quick-lru@5.1.1": {
      "integrity": "sha512-WuyALRjWPDGtt/wzJiadO5AXY+8hZ80hVpe6MyivgraREW751X3SbhRvG3eLKOYN+8VEvqLcf3wdnt44Z4S4SA=="
    },
    "resolve-alpn@1.2.1": {
      "integrity": "sha512-0a1F4l73/ZFZOakJnQ3FvkJ2+gSTQWz/r2KE5OdDY0TxPm5h4GkqkWWfM47T7HsbnOtcJVEF4epCVy6u7Q3K+g=="
    },
    "responselike@2.0.1": {
      "integrity": "sha512-4gl03wn3hj1HP3yzgdI7d3lCkF95F21Pz4BPGvKHinyQzALR5CapwC8yIi0Rh58DEMQ/SguC03wFj2k0M/mHhw==",
      "dependencies": [
        "lowercase-keys"
      ]
    },
    "undici-types@6.19.8": {
      "integrity": "sha512-ve2KP6f/JnbPBFyobGHuerC9g1FYGn/F8n1LWTwNxCEzd6IfqTwUQcNXgEtmmQ6DlRrC1hrSrBnCZPokRrDHjw=="
    },
    "wrappy@1.0.2": {
      "integrity": "sha512-l4Sp/DRseor9wL6EvV2+TuQn63dMkPjZ/sp9XkghTEbV9KlPS1xUsZ3u7/IQO4wxtcFB4bgpQPRcR3QCvezPcQ=="
    }
  },
  "redirects": {
    "https://deno.land/x/cors/mod.ts": "https://deno.land/x/cors@v1.2.2/mod.ts",
    "https://deno.land/x/oak/mod.ts": "https://deno.land/x/oak@v17.1.3/mod.ts"
  },
  "remote": {
    "https://deno.land/x/cors@v1.2.2/abcCors.ts": "cdf83a7eaa69a1bf3ab910d18b9422217902fac47601adcaf0afac5a61845d48",
    "https://deno.land/x/cors@v1.2.2/attainCors.ts": "7d6aba0f942495cc31119604e0895c9bb8edd8f8baa7fe78e6c655bd0b4cbf59",
    "https://deno.land/x/cors@v1.2.2/cors.ts": "0e2d9167e3685f9bcf48f565e312b6e1883fa458f7337e5ce7bc2e3b29767980",
    "https://deno.land/x/cors@v1.2.2/mithCors.ts": "3a359d6e716e0410ede278ab54d875b293a2d66d838aaa7cfbf9ddc1e9e990d3",
    "https://deno.land/x/cors@v1.2.2/mod.ts": "2b351913f56d77ad80cb3b8633d4539c9eeddb426dae79437ada0e6a9cb4f1a6",
    "https://deno.land/x/cors@v1.2.2/oakCors.ts": "1348dc7673c61b85d2e80559a7b44f8e0246eaa6bcc6ec744fafe5d9b13b5c71",
    "https://deno.land/x/cors@v1.2.2/opineCors.ts": "fb5790115c26b7061d84b8d6c17d258a1e241bcab75b0bc3ca1fdb2e57bc5072",
    "https://deno.land/x/cors@v1.2.2/types.ts": "97546633ccc7f0df7a29bacba5d91dc6f61decdd1b65258300244dba905d34b8",
    "https://deno.land/x/oak@v17.1.3/application.ts": "2bcc73b3f22a193554c9958f7080ea635db25594d25ff7944021fca5bf74adba",
    "https://deno.land/x/oak@v17.1.3/body.ts": "0eb7ab9df44d1b79933463d596b5e1a4f0991c94cff591861e58a413bda3f3db",
    "https://deno.land/x/oak@v17.1.3/context.ts": "345cfdaa5a2310558ee0863f2fba5f9ba648188412b16ce342c33266c085f5d3",
    "https://deno.land/x/oak@v17.1.3/deps.ts": "b778c76e91d6d2afe6124981212b6dc3d0b195739ea01857a45396dc78812b59",
    "https://deno.land/x/oak@v17.1.3/http_server_bun.ts": "cb3a66c735cd0533c4c3776b37ae627ab42344c82f91dff63e3030d9656fd3a0",
    "https://deno.land/x/oak@v17.1.3/http_server_native.ts": "3bea00ebb9638203d2449fbf9a14a6b87f119bd45012f13282ececdf7b4c4242",
    "https://deno.land/x/oak@v17.1.3/http_server_native_request.ts": "a4da6f4939736e6323720db2d4b0d19ff2e83f02e52ab1eea9ae80f2c047fa56",
    "https://deno.land/x/oak@v17.1.3/http_server_node.ts": "9bb5291c15305b297fd634aa4c6b1d5054368f4b7a171d7c7c302c73eb2489ed",
    "https://deno.land/x/oak@v17.1.3/middleware.ts": "4170180fe5009d2581a0bdc995e5953b90ccb5b1c3767f3eae8a4fe238b8bd81",
    "https://deno.land/x/oak@v17.1.3/middleware/etag.ts": "eb3cb3a8862ca1990ce80b7d1c3f142c866b22d34c2f785a0e8b46bc34b91f7d",
    "https://deno.land/x/oak@v17.1.3/middleware/proxy.ts": "104890bd3990fa68618c36141d56aff5f95a51deac57ce8b8b0c7a14a8fd2ea4",
    "https://deno.land/x/oak@v17.1.3/middleware/serve.ts": "efceebd70afb73bcabe0a6a8981f3d8474a2f2f30e85b46761aee49e81bd9d6a",
    "https://deno.land/x/oak@v17.1.3/mod.ts": "38e53e01e609583e843f3e2b2677de9872d23d68939ce0de85b402e7a8db01a7",
    "https://deno.land/x/oak@v17.1.3/node_shims.ts": "4db1569b2b79b73f37c4d947f4aaa50a93e266d48fe67601c8a31af17a28884d",
    "https://deno.land/x/oak@v17.1.3/request.ts": "1e7f2c338cd6889b616bbdc9e2062eac27acbffde05c685adfb1c60ecc80682a",
    "https://deno.land/x/oak@v17.1.3/response.ts": "75724db76f2dd782827f2dcaa00e4e1732709399bad2458c787fed2c95c4f8be",
    "https://deno.land/x/oak@v17.1.3/router.ts": "d625307016e5db92a9ff187d9917093cb441a8c442c0d78d8dbdbd9575816b72",
    "https://deno.land/x/oak@v17.1.3/send.ts": "28132e2ebeb0c8d4ab41624ae8f1a7adf652cfddd91e77911274cbc413499fe8",
    "https://deno.land/x/oak@v17.1.3/testing.ts": "cbefaf9d21452e829999eda9b99b920df7fde3f702528a484a4433ffed20a9cf",
    "https://deno.land/x/oak@v17.1.3/types.ts": "cd4ccd3e182d0cba2117cd27f560267970470ab9c0ff6556cadd73f605193be7",
    "https://deno.land/x/oak@v17.1.3/utils/clone_state.ts": "cf8989ddd56816b36ada253ae0acdbd46cdf3d68dbe674d2b66c46640fab3500",
    "https://deno.land/x/oak@v17.1.3/utils/consts.ts": "137c4f73479f5e98a13153b9305f06f0d85df3cf2aacad2c9f82d4c1f3a2f105",
    "https://deno.land/x/oak@v17.1.3/utils/create_promise_with_resolvers.ts": "de99e9a998162b929a011f8873eaf0895cf4742492b3ce6f6866d39217342523",
    "https://deno.land/x/oak@v17.1.3/utils/decode.ts": "2fd843f1217872318c339006dad266d62cdb99bff84bb6adef8a4b86269f51ce",
    "https://deno.land/x/oak@v17.1.3/utils/decode_component.ts": "d3e2c40ecdd2fdb79761c6e9ae224cf01a4643f7c5f4c1e0b69698d43025261b",
    "https://deno.land/x/oak@v17.1.3/utils/encode_url.ts": "c0ed6b318eb9523adeebba32eb9acd059c0f94d3511b2b9e3b024722d1b3dfb8",
    "https://deno.land/x/oak@v17.1.3/utils/resolve_path.ts": "aa39d54a003b38fee55f340a0cba3f93a7af85b8ddd5fbfb049a98fc0109b36d",
    "https://deno.land/x/oak@v17.1.3/utils/streams.ts": "3da73b94681f8d27a82cc67df3f91090ec0bd6c3e9ab957af588d41ab585d923",
    "https://deno.land/x/oak@v17.1.3/utils/type_guards.ts": "a8dbb5ab7424f0355b121537d2454f927e0ca9949262fb67ac4fbefbd5880313"
  },
  "workspace": {
    "dependencies": [
      "jsr:@deno/gfm@0.9"
    ]
  }
}
